
Microsoft Visual Studio Solution File, Format Version 12.00
# Visual Studio 14
VisualStudioVersion = 14.0.25420.1
MinimumVisualStudioVersion = 10.0.40219.1
Project("{FAE04EC0-301F-11D3-BF4B-00C04F79EFBC}") = "CompStore", "CompStore\CompStore.csproj", "{FCE16CB4-3154-4E98-B780-DC43E68C49EF}"
EndProject
Project("{FAE04EC0-301F-11D3-BF4B-00C04F79EFBC}") = "CompStoreTest", "CompStoreTest\CompStoreTest.csproj", "{5DCA694A-1D87-4C6A-8969-B78D60AD0720}"
EndProject
Global
	GlobalSection(SolutionConfigurationPlatforms) = preSolution
		Debug|Any CPU = Debug|Any CPU
		Release|Any CPU = Release|Any CPU
	EndGlobalSection
	GlobalSection(ProjectConfigurationPlatforms) = postSolution
		{FCE16CB4-3154-4E98-B780-DC43E68C49EF}.Debug|Any CPU.ActiveCfg = Debug|Any CPU
		{FCE16CB4-3154-4E98-B780-DC43E68C49EF}.Debug|Any CPU.Build.0 = Debug|Any CPU
		{FCE16CB4-3154-4E98-B780-DC43E68C49EF}.Release|Any CPU.ActiveCfg = Release|Any CPU
		{FCE16CB4-3154-4E98-B780-DC43E68C49EF}.Release|Any CPU.Build.0 = Release|Any CPU
		{5DCA694A-1D87-4C6A-8969-B78D60AD0720}.Debug|Any CPU.ActiveCfg = Debug|Any CPU
		{5DCA694A-1D87-4C6A-8969-B78D60AD0720}.Debug|Any CPU.Build.0 = Debug|Any CPU
		{5DCA694A-1D87-4C6A-8969-B78D60AD0720}.Release|Any CPU.ActiveCfg = Release|Any CPU
		{5DCA694A-1D87-4C6A-8969-B78D60AD0720}.Release|Any CPU.Build.0 = Release|Any CPU
	EndGlobalSection
	GlobalSection(SolutionProperties) = preSolution
		HideSolutionNode = FALSE
	EndGlobalSection
EndGlobal
